// !$*UTF8*$!
{
	archiveVersion = 1;
	classes = {
	};
	objectVersion = 56;
	objects = {

/* Begin PBXBuildFile section */
		2C401EA229C03504002846D1 /* PostersViewController.swift in Sources */ = {isa = PBXBuildFile; fileRef = 2C401EA129C03504002846D1 /* PostersViewController.swift */; };
		2C401EA429C0362A002846D1 /* Poster.swift in Sources */ = {isa = PBXBuildFile; fileRef = 2C401EA329C0362A002846D1 /* Poster.swift */; };
		2C401EA629C038BF002846D1 /* PosterCell.swift in Sources */ = {isa = PBXBuildFile; fileRef = 2C401EA529C038BF002846D1 /* PosterCell.swift */; };
		2CF0947A29B698F800D1A844 /* AppDelegate.swift in Sources */ = {isa = PBXBuildFile; fileRef = 2CF0947929B698F800D1A844 /* AppDelegate.swift */; };
		2CF0947C29B698F800D1A844 /* SceneDelegate.swift in Sources */ = {isa = PBXBuildFile; fileRef = 2CF0947B29B698F800D1A844 /* SceneDelegate.swift */; };
		2CF0947E29B698F800D1A844 /* MoviesViewController.swift in Sources */ = {isa = PBXBuildFile; fileRef = 2CF0947D29B698F800D1A844 /* MoviesViewController.swift */; };
		2CF0948129B698F800D1A844 /* Main.storyboard in Resources */ = {isa = PBXBuildFile; fileRef = 2CF0947F29B698F800D1A844 /* Main.storyboard */; };
		2CF0948329B698FB00D1A844 /* Assets.xcassets in Resources */ = {isa = PBXBuildFile; fileRef = 2CF0948229B698FB00D1A844 /* Assets.xcassets */; };
		2CF0948629B698FB00D1A844 /* LaunchScreen.storyboard in Resources */ = {isa = PBXBuildFile; fileRef = 2CF0948429B698FB00D1A844 /* LaunchScreen.storyboard */; };
		2CF0948F29B6BE5300D1A844 /* Movie.swift in Sources */ = {isa = PBXBuildFile; fileRef = 2CF0948E29B6BE5300D1A844 /* Movie.swift */; };
		2CF0949129B6C8EC00D1A844 /* MovieCell.swift in Sources */ = {isa = PBXBuildFile; fileRef = 2CF0949029B6C8EC00D1A844 /* MovieCell.swift */; };
		2CF0949B29B6D92500D1A844 /* DetailViewController.swift in Sources */ = {isa = PBXBuildFile; fileRef = 2CF0949A29B6D92500D1A844 /* DetailViewController.swift */; };
		2CF094A929B718A500D1A844 /* Nuke in Frameworks */ = {isa = PBXBuildFile; productRef = 2CF094A829B718A500D1A844 /* Nuke */; };
/* End PBXBuildFile section */

/* Begin PBXFileReference section */
		2C401EA129C03504002846D1 /* PostersViewController.swift */ = {isa = PBXFileReference; lastKnownFileType = sourcecode.swift; path = PostersViewController.swift; sourceTree = "<group>"; };
		2C401EA329C0362A002846D1 /* Poster.swift */ = {isa = PBXFileReference; lastKnownFileType = sourcecode.swift; path = Poster.swift; sourceTree = "<group>"; };
		2C401EA529C038BF002846D1 /* PosterCell.swift */ = {isa = PBXFileReference; lastKnownFileType = sourcecode.swift; path = PosterCell.swift; sourceTree = "<group>"; };
		2CF0947629B698F800D1A844 /* Flixster.app */ = {isa = PBXFileReference; explicitFileType = wrapper.application; includeInIndex = 0; path = Flixster.app; sourceTree = BUILT_PRODUCTS_DIR; };
		2CF0947929B698F800D1A844 /* AppDelegate.swift */ = {isa = PBXFileReference; lastKnownFileType = sourcecode.swift; path = AppDelegate.swift; sourceTree = "<group>"; };
		2CF0947B29B698F800D1A844 /* SceneDelegate.swift */ = {isa = PBXFileReference; lastKnownFileType = sourcecode.swift; path = SceneDelegate.swift; sourceTree = "<group>"; };
		2CF0947D29B698F800D1A844 /* MoviesViewController.swift */ = {isa = PBXFileReference; lastKnownFileType = sourcecode.swift; path = MoviesViewController.swift; sourceTree = "<group>"; };
		2CF0948029B698F800D1A844 /* Base */ = {isa = PBXFileReference; lastKnownFileType = file.storyboard; name = Base; path = Base.lproj/Main.storyboard; sourceTree = "<group>"; };
		2CF0948229B698FB00D1A844 /* Assets.xcassets */ = {isa = PBXFileReference; lastKnownFileType = folder.assetcatalog; path = Assets.xcassets; sourceTree = "<group>"; };
		2CF0948529B698FB00D1A844 /* Base */ = {isa = PBXFileReference; lastKnownFileType = file.storyboard; name = Base; path = Base.lproj/LaunchScreen.storyboard; sourceTree = "<group>"; };
		2CF0948729B698FB00D1A844 /* Info.plist */ = {isa = PBXFileReference; lastKnownFileType = text.plist.xml; path = Info.plist; sourceTree = "<group>"; };
		2CF0948E29B6BE5300D1A844 /* Movie.swift */ = {isa = PBXFileReference; lastKnownFileType = sourcecode.swift; path = Movie.swift; sourceTree = "<group>"; };
		2CF0949029B6C8EC00D1A844 /* MovieCell.swift */ = {isa = PBXFileReference; lastKnownFileType = sourcecode.swift; path = MovieCell.swift; sourceTree = "<group>"; };
		2CF0949A29B6D92500D1A844 /* DetailViewController.swift */ = {isa = PBXFileReference; lastKnownFileType = sourcecode.swift; path = DetailViewController.swift; sourceTree = "<group>"; };
/* End PBXFileReference section */

/* Begin PBXFrameworksBuildPhase section */
		2CF0947329B698F800D1A844 /* Frameworks */ = {
			isa = PBXFrameworksBuildPhase;
			buildActionMask = 2147483647;
			files = (
				2CF094A929B718A500D1A844 /* Nuke in Frameworks */,
			);
			runOnlyForDeploymentPostprocessing = 0;
		};
/* End PBXFrameworksBuildPhase section */

/* Begin PBXGroup section */
		2CF0946D29B698F800D1A844 = {
			isa = PBXGroup;
			children = (
				2CF0947829B698F800D1A844 /* Flixster */,
				2CF0947729B698F800D1A844 /* Products */,
			);
			sourceTree = "<group>";
		};
		2CF0947729B698F800D1A844 /* Products */ = {
			isa = PBXGroup;
			children = (
				2CF0947629B698F800D1A844 /* Flixster.app */,
			);
			name = Products;
			sourceTree = "<group>";
		};
		2CF0947829B698F800D1A844 /* Flixster */ = {
			isa = PBXGroup;
			children = (
				2CF0948D29B699FF00D1A844 /* Models */,
				2CF0947929B698F800D1A844 /* AppDelegate.swift */,
				2CF0947B29B698F800D1A844 /* SceneDelegate.swift */,
				2CF0949029B6C8EC00D1A844 /* MovieCell.swift */,
				2C401EA529C038BF002846D1 /* PosterCell.swift */,
				2CF0947D29B698F800D1A844 /* MoviesViewController.swift */,
				2CF0949A29B6D92500D1A844 /* DetailViewController.swift */,
				2C401EA129C03504002846D1 /* PostersViewController.swift */,
				2CF0947F29B698F800D1A844 /* Main.storyboard */,
				2CF0948229B698FB00D1A844 /* Assets.xcassets */,
				2CF0948429B698FB00D1A844 /* LaunchScreen.storyboard */,
				2CF0948729B698FB00D1A844 /* Info.plist */,
			);
			path = Flixster;
			sourceTree = "<group>";
		};
		2CF0948D29B699FF00D1A844 /* Models */ = {
			isa = PBXGroup;
			children = (
				2CF0948E29B6BE5300D1A844 /* Movie.swift */,
				2C401EA329C0362A002846D1 /* Poster.swift */,
			);
			path = Models;
			sourceTree = "<group>";
		};
/* End PBXGroup section */

/* Begin PBXNativeTarget section */
		2CF0947529B698F800D1A844 /* Flixster */ = {
			isa = PBXNativeTarget;
			buildConfigurationList = 2CF0948A29B698FB00D1A844 /* Build configuration list for PBXNativeTarget "Flixster" */;
			buildPhases = (
				2CF0947229B698F800D1A844 /* Sources */,
				2CF0947329B698F800D1A844 /* Frameworks */,
				2CF0947429B698F800D1A844 /* Resources */,
			);
			buildRules = (
			);
			dependencies = (
			);
			name = Flixster;
			packageProductDependencies = (
				2CF094A829B718A500D1A844 /* Nuke */,
			);
			productName = Flixster;
			productReference = 2CF0947629B698F800D1A844 /* Flixster.app */;
			productType = "com.apple.product-type.application";
		};
/* End PBXNativeTarget section */

/* Begin PBXProject section */
		2CF0946E29B698F800D1A844 /* Project object */ = {
			isa = PBXProject;
			attributes = {
				BuildIndependentTargetsInParallel = 1;
				LastSwiftUpdateCheck = 1420;
				LastUpgradeCheck = 1420;
				TargetAttributes = {
					2CF0947529B698F800D1A844 = {
						CreatedOnToolsVersion = 14.2;
					};
				};
			};
			buildConfigurationList = 2CF0947129B698F800D1A844 /* Build configuration list for PBXProject "Flixster" */;
			compatibilityVersion = "Xcode 14.0";
			developmentRegion = en;
			hasScannedForEncodings = 0;
			knownRegions = (
				en,
				Base,
			);
			mainGroup = 2CF0946D29B698F800D1A844;
			packageReferences = (
				2CF094A729B718A500D1A844 /* XCRemoteSwiftPackageReference "Nuke" */,
			);
			productRefGroup = 2CF0947729B698F800D1A844 /* Products */;
			projectDirPath = "";
			projectRoot = "";
			targets = (
				2CF0947529B698F800D1A844 /* Flixster */,
			);
		};
/* End PBXProject section */

/* Begin PBXResourcesBuildPhase section */
		2CF0947429B698F800D1A844 /* Resources */ = {
			isa = PBXResourcesBuildPhase;
			buildActionMask = 2147483647;
			files = (
				2CF0948629B698FB00D1A844 /* LaunchScreen.storyboard in Resources */,
				2CF0948329B698FB00D1A844 /* Assets.xcassets in Resources */,
				2CF0948129B698F800D1A844 /* Main.storyboard in Resources */,
			);
			runOnlyForDeploymentPostprocessing = 0;
		};
/* End PBXResourcesBuildPhase section */

/* Begin PBXSourcesBuildPhase section */
		2CF0947229B698F800D1A844 /* Sources */ = {
			isa = PBXSourcesBuildPhase;
			buildActionMask = 2147483647;
			files = (
				2CF0947E29B698F800D1A844 /* MoviesViewController.swift in Sources */,
				2CF0947A29B698F800D1A844 /* AppDelegate.swift in Sources */,
				2C401EA629C038BF002846D1 /* PosterCell.swift in Sources */,
				2CF0948F29B6BE5300D1A844 /* Movie.swift in Sources */,
				2CF0949B29B6D92500D1A844 /* DetailViewController.swift in Sources */,
				2C401EA429C0362A002846D1 /* Poster.swift in Sources */,
				2CF0949129B6C8EC00D1A844 /* MovieCell.swift in Sources */,
				2C401EA229C03504002846D1 /* PostersViewController.swift in Sources */,
				2CF0947C29B698F800D1A844 /* SceneDelegate.swift in Sources */,
			);
			runOnlyForDeploymentPostprocessing = 0;
		};
/* End PBXSourcesBuildPhase section */

/* Begin PBXVariantGroup section */
		2CF0947F29B698F800D1A844 /* Main.storyboard */ = {
			isa = PBXVariantGroup;
			children = (
				2CF0948029B698F800D1A844 /* Base */,
			);
			name = Main.storyboard;
			sourceTree = "<group>";
		};
		2CF0948429B698FB00D1A844 /* LaunchScreen.storyboard */ = {
			isa = PBXVariantGroup;
			children = (
				2CF0948529B698FB00D1A844 /* Base */,
			);
			name = LaunchScreen.storyboard;
			sourceTree = "<group>";
		};
/* End PBXVariantGroup section */

/* Begin XCBuildConfiguration section */
		2CF0948829B698FB00D1A844 /* Debug */ = {
			isa = XCBuildConfiguration;
			buildSettings = {
				ALWAYS_SEARCH_USER_PATHS = NO;
				CLANG_ANALYZER_NONNULL = YES;
				CLANG_ANALYZER_NUMBER_OBJECT_CONVERSION = YES_AGGRESSIVE;
				CLANG_CXX_LANGUAGE_STANDARD = "gnu++20";
				CLANG_ENABLE_MODULES = YES;
				CLANG_ENABLE_OBJC_ARC = YES;
				CLANG_ENABLE_OBJC_WEAK = YES;
				CLANG_WARN_BLOCK_CAPTURE_AUTORELEASING = YES;
				CLANG_WARN_BOOL_CONVERSION = YES;
				CLANG_WARN_COMMA = YES;
				CLANG_WARN_CONSTANT_CONVERSION = YES;
				CLANG_WARN_DEPRECATED_OBJC_IMPLEMENTATIONS = YES;
				CLANG_WARN_DIRECT_OBJC_ISA_USAGE = YES_ERROR;
				CLANG_WARN_DOCUMENTATION_COMMENTS = YES;
				CLANG_WARN_EMPTY_BODY = YES;
				CLANG_WARN_ENUM_CONVERSION = YES;
				CLANG_WARN_INFINITE_RECURSION = YES;
				CLANG_WARN_INT_CONVERSION = YES;
				CLANG_WARN_NON_LITERAL_NULL_CONVERSION = YES;
				CLANG_WARN_OBJC_IMPLICIT_RETAIN_SELF = YES;
				CLANG_WARN_OBJC_LITERAL_CONVERSION = YES;
				CLANG_WARN_OBJC_ROOT_CLASS = YES_ERROR;
				CLANG_WARN_QUOTED_INCLUDE_IN_FRAMEWORK_HEADER = YES;
				CLANG_WARN_RANGE_LOOP_ANALYSIS = YES;
				CLANG_WARN_STRICT_PROTOTYPES = YES;
				CLANG_WARN_SUSPICIOUS_MOVE = YES;
				CLANG_WARN_UNGUARDED_AVAILABILITY = YES_AGGRESSIVE;
				CLANG_WARN_UNREACHABLE_CODE = YES;
				CLANG_WARN__DUPLICATE_METHOD_MATCH = YES;
				COPY_PHASE_STRIP = NO;
				DEBUG_INFORMATION_FORMAT = dwarf;
				ENABLE_STRICT_OBJC_MSGSEND = YES;
				ENABLE_TESTABILITY = YES;
				GCC_C_LANGUAGE_STANDARD = gnu11;
				GCC_DYNAMIC_NO_PIC = NO;
				GCC_NO_COMMON_BLOCKS = YES;
				GCC_OPTIMIZATION_LEVEL = 0;
				GCC_PREPROCESSOR_DEFINITIONS = (
					"DEBUG=1",
					"$(inherited)",
				);
				GCC_WARN_64_TO_32_BIT_CONVERSION = YES;
				GCC_WARN_ABOUT_RETURN_TYPE = YES_ERROR;
				GCC_WARN_UNDECLARED_SELECTOR = YES;
				GCC_WARN_UNINITIALIZED_AUTOS = YES_AGGRESSIVE;
				GCC_WARN_UNUSED_FUNCTION = YES;
				GCC_WARN_UNUSED_VARIABLE = YES;
				IPHONEOS_DEPLOYMENT_TARGET = 16.2;
				MTL_ENABLE_DEBUG_INFO = INCLUDE_SOURCE;
				MTL_FAST_MATH = YES;
				ONLY_ACTIVE_ARCH = YES;
				SDKROOT = iphoneos;
				SWIFT_ACTIVE_COMPILATION_CONDITIONS = DEBUG;
				SWIFT_OPTIMIZATION_LEVEL = "-Onone";
			};
			name = Debug;
		};
		2CF0948929B698FB00D1A844 /* Release */ = {
			isa = XCBuildConfiguration;
			buildSettings = {
				ALWAYS_SEARCH_USER_PATHS = NO;
				CLANG_ANALYZER_NONNULL = YES;
				CLANG_ANALYZER_NUMBER_OBJECT_CONVERSION = YES_AGGRESSIVE;
				CLANG_CXX_LANGUAGE_STANDARD = "gnu++20";
				CLANG_ENABLE_MODULES = YES;
				CLANG_ENABLE_OBJC_ARC = YES;
				CLANG_ENABLE_OBJC_WEAK = YES;
				CLANG_WARN_BLOCK_CAPTURE_AUTORELEASING = YES;
				CLANG_WARN_BOOL_CONVERSION = YES;
				CLANG_WARN_COMMA = YES;
				CLANG_WARN_CONSTANT_CONVERSION = YES;
				CLANG_WARN_DEPRECATED_OBJC_IMPLEMENTATIONS = YES;
				CLANG_WARN_DIRECT_OBJC_ISA_USAGE = YES_ERROR;
				CLANG_WARN_DOCUMENTATION_COMMENTS = YES;
				CLANG_WARN_EMPTY_BODY = YES;
				CLANG_WARN_ENUM_CONVERSION = YES;
				CLANG_WARN_INFINITE_RECURSION = YES;
				CLANG_WARN_INT_CONVERSION = YES;
				CLANG_WARN_NON_LITERAL_NULL_CONVERSION = YES;
				CLANG_WARN_OBJC_IMPLICIT_RETAIN_SELF = YES;
				CLANG_WARN_OBJC_LITERAL_CONVERSION = YES;
				CLANG_WARN_OBJC_ROOT_CLASS = YES_ERROR;
				CLANG_WARN_QUOTED_INCLUDE_IN_FRAMEWORK_HEADER = YES;
				CLANG_WARN_RANGE_LOOP_ANALYSIS = YES;
				CLANG_WARN_STRICT_PROTOTYPES = YES;
				CLANG_WARN_SUSPICIOUS_MOVE = YES;
				CLANG_WARN_UNGUARDED_AVAILABILITY = YES_AGGRESSIVE;
				CLANG_WARN_UNREACHABLE_CODE = YES;
				CLANG_WARN__DUPLICATE_METHOD_MATCH = YES;
				COPY_PHASE_STRIP = NO;
				DEBUG_INFORMATION_FORMAT = "dwarf-with-dsym";
				ENABLE_NS_ASSERTIONS = NO;
				ENABLE_STRICT_OBJC_MSGSEND = YES;
				GCC_C_LANGUAGE_STANDARD = gnu11;
				GCC_NO_COMMON_BLOCKS = YES;
				GCC_WARN_64_TO_32_BIT_CONVERSION = YES;
				GCC_WARN_ABOUT_RETURN_TYPE = YES_ERROR;
				GCC_WARN_UNDECLARED_SELECTOR = YES;
				GCC_WARN_UNINITIALIZED_AUTOS = YES_AGGRESSIVE;
				GCC_WARN_UNUSED_FUNCTION = YES;
				GCC_WARN_UNUSED_VARIABLE = YES;
				IPHONEOS_DEPLOYMENT_TARGET = 16.2;
				MTL_ENABLE_DEBUG_INFO = NO;
				MTL_FAST_MATH = YES;
				SDKROOT = iphoneos;
				SWIFT_COMPILATION_MODE = wholemodule;
				SWIFT_OPTIMIZATION_LEVEL = "-O";
				VALIDATE_PRODUCT = YES;
			};
			name = Release;
		};
		2CF0948B29B698FB00D1A844 /* Debug */ = {
			isa = XCBuildConfiguration;
			buildSettings = {
				ASSETCATALOG_COMPILER_APPICON_NAME = AppIcon;
				ASSETCATALOG_COMPILER_GLOBAL_ACCENT_COLOR_NAME = AccentColor;
				CODE_SIGN_STYLE = Automatic;
				CURRENT_PROJECT_VERSION = 1;
				DEVELOPMENT_TEAM = KGU5DHCAU9;
				GENERATE_INFOPLIST_FILE = YES;
				INFOPLIST_FILE = Flixster/Info.plist;
				INFOPLIST_KEY_LSApplicationCategoryType = "public.app-category.entertainment";
				INFOPLIST_KEY_UIApplicationSupportsIndirectInputEvents = YES;
				INFOPLIST_KEY_UILaunchStoryboardName = LaunchScreen.storyboard;
				INFOPLIST_KEY_UIMainStoryboardFile = Main;
				INFOPLIST_KEY_UIStatusBarStyle = "";
				INFOPLIST_KEY_UISupportedInterfaceOrientations_iPad = "UIInterfaceOrientationPortrait UIInterfaceOrientationPortraitUpsideDown UIInterfaceOrientationLandscapeLeft UIInterfaceOrientationLandscapeRight";
				INFOPLIST_KEY_UISupportedInterfaceOrientations_iPhone = "UIInterfaceOrientationPortrait UIInterfaceOrientationLandscapeLeft UIInterfaceOrientationLandscapeRight";
				LD_RUNPATH_SEARCH_PATHS = (
					"$(inherited)",
					"@executable_path/Frameworks",
				);
				MARKETING_VERSION = 1.0;
				PRODUCT_BUNDLE_IDENTIFIER = ShubhamJain.Flixster;
				PRODUCT_NAME = "$(TARGET_NAME)";
				SWIFT_EMIT_LOC_STRINGS = YES;
				SWIFT_VERSION = 5.0;
				TARGETED_DEVICE_FAMILY = "1,2";
			};
			name = Debug;
		};
		2CF0948C29B698FB00D1A844 /* Release */ = {
			isa = XCBuildConfiguration;
			buildSettings = {
				ASSETCATALOG_COMPILER_APPICON_NAME = AppIcon;
				ASSETCATALOG_COMPILER_GLOBAL_ACCENT_COLOR_NAME = AccentColor;
				CODE_SIGN_STYLE = Automatic;
				CURRENT_PROJECT_VERSION = 1;
				DEVELOPMENT_TEAM = KGU5DHCAU9;
				GENERATE_INFOPLIST_FILE = YES;
				INFOPLIST_FILE = Flixster/Info.plist;
				INFOPLIST_KEY_LSApplicationCategoryType = "public.app-category.entertainment";
				INFOPLIST_KEY_UIApplicationSupportsIndirectInputEvents = YES;
				INFOPLIST_KEY_UILaunchStoryboardName = LaunchScreen.storyboard;
				INFOPLIST_KEY_UIMainStoryboardFile = Main;
				INFOPLIST_KEY_UIStatusBarStyle = "";
				INFOPLIST_KEY_UISupportedInterfaceOrientations_iPad = "UIInterfaceOrientationPortrait UIInterfaceOrientationPortraitUpsideDown UIInterfaceOrientationLandscapeLeft UIInterfaceOrientationLandscapeRight";
				INFOPLIST_KEY_UISupportedInterfaceOrientations_iPhone = "UIInterfaceOrientationPortrait UIInterfaceOrientationLandscapeLeft UIInterfaceOrientationLandscapeRight";
				LD_RUNPATH_SEARCH_PATHS = (
					"$(inherited)",
					"@executable_path/Frameworks",
				);
				MARKETING_VERSION = 1.0;
				PRODUCT_BUNDLE_IDENTIFIER = ShubhamJain.Flixster;
				PRODUCT_NAME = "$(TARGET_NAME)";
				SWIFT_EMIT_LOC_STRINGS = YES;
				SWIFT_VERSION = 5.0;
				TARGETED_DEVICE_FAMILY = "1,2";
			};
			name = Release;
		};
/* End XCBuildConfiguration section */

/* Begin XCConfigurationList section */
		2CF0947129B698F800D1A844 /* Build configuration list for PBXProject "Flixster" */ = {
			isa = XCConfigurationList;
			buildConfigurations = (
				2CF0948829B698FB00D1A844 /* Debug */,
				2CF0948929B698FB00D1A844 /* Release */,
			);
			defaultConfigurationIsVisible = 0;
			defaultConfigurationName = Release;
		};
		2CF0948A29B698FB00D1A844 /* Build configuration list for PBXNativeTarget "Flixster" */ = {
			isa = XCConfigurationList;
			buildConfigurations = (
				2CF0948B29B698FB00D1A844 /* Debug */,
				2CF0948C29B698FB00D1A844 /* Release */,
			);
			defaultConfigurationIsVisible = 0;
			defaultConfigurationName = Release;
		};
/* End XCConfigurationList section */

/* Begin XCRemoteSwiftPackageReference section */
		2CF094A729B718A500D1A844 /* XCRemoteSwiftPackageReference "Nuke" */ = {
			isa = XCRemoteSwiftPackageReference;
			repositoryURL = "https://github.com/kean/Nuke.git";
			requirement = {
				kind = exactVersion;
				version = 9.6.1;
			};
		};
/* End XCRemoteSwiftPackageReference section */

/* Begin XCSwiftPackageProductDependency section */
		2CF094A829B718A500D1A844 /* Nuke */ = {
			isa = XCSwiftPackageProductDependency;
			package = 2CF094A729B718A500D1A844 /* XCRemoteSwiftPackageReference "Nuke" */;
			productName = Nuke;
		};
/* End XCSwiftPackageProductDependency section */
	};
	rootObject = 2CF0946E29B698F800D1A844 /* Project object */;
}
